
Microsoft Visual Studio Solution File, Format Version 12.00
# Visual Studio 14
VisualStudioVersion = 14.0.25420.1
MinimumVisualStudioVersion = 10.0.40219.1
Project("{FAE04EC0-301F-11D3-BF4B-00C04F79EFBC}") = "MacAddressVenderLookup", "MacAddressVenderLookup\MacAddressVenderLookup.csproj", "{7752B2D8-CC5C-43E5-A018-C10E08838CCF}"
EndProject
Project("{2150E333-8FDC-42A3-9474-1A3956D46DE8}") = "Solution Items", "Solution Items", "{FA0CBFDF-2F4A-490A-B0F0-18E59A4349EE}"
	ProjectSection(SolutionItems) = preProject
		.editorconfig = .editorconfig
	EndProjectSection
EndProject
Project("{FAE04EC0-301F-11D3-BF4B-00C04F79EFBC}") = "Tests", "Tests\Tests.csproj", "{29E684C7-FB9B-4A95-BB25-A3383FF79DDE}"
EndProject
Project("{FAE04EC0-301F-11D3-BF4B-00C04F79EFBC}") = "ExampleApp", "ExampleApp\ExampleApp.csproj", "{E02EF95A-9C1E-45A9-A3E3-F3BABDDE4477}"
EndProject
Project("{FAE04EC0-301F-11D3-BF4B-00C04F79EFBC}") = "MacAddressVenderLookup.NET45", "MacAddressVenderLookup.NET45\MacAddressVenderLookup.NET45.csproj", "{8E42672A-684A-429A-AF51-EBC70182F563}"
EndProject
Project("{FAE04EC0-301F-11D3-BF4B-00C04F79EFBC}") = "MacAddressVenderLookup.Vendors", "MacAddressVenderLookup.Vendors\MacAddressVenderLookup.Vendors.csproj", "{D8A9BC7B-2E11-46A5-A267-C1A6ECEE6442}"
EndProject
Project("{FAE04EC0-301F-11D3-BF4B-00C04F79EFBC}") = "VendorFileGenerator", "VendorFileGenerator\VendorFileGenerator.csproj", "{305A20A7-F694-4AE2-972B-D101C5DFBBAA}"
EndProject
Global
	GlobalSection(SolutionConfigurationPlatforms) = preSolution
		Debug|Any CPU = Debug|Any CPU
		Debug|x64 = Debug|x64
		Release|Any CPU = Release|Any CPU
		Release|x64 = Release|x64
	EndGlobalSection
	GlobalSection(ProjectConfigurationPlatforms) = postSolution
		{7752B2D8-CC5C-43E5-A018-C10E08838CCF}.Debug|Any CPU.ActiveCfg = Debug|Any CPU
		{7752B2D8-CC5C-43E5-A018-C10E08838CCF}.Debug|Any CPU.Build.0 = Debug|Any CPU
		{7752B2D8-CC5C-43E5-A018-C10E08838CCF}.Debug|x64.ActiveCfg = Debug|Any CPU
		{7752B2D8-CC5C-43E5-A018-C10E08838CCF}.Debug|x64.Build.0 = Debug|Any CPU
		{7752B2D8-CC5C-43E5-A018-C10E08838CCF}.Release|Any CPU.ActiveCfg = Release|Any CPU
		{7752B2D8-CC5C-43E5-A018-C10E08838CCF}.Release|Any CPU.Build.0 = Release|Any CPU
		{7752B2D8-CC5C-43E5-A018-C10E08838CCF}.Release|x64.ActiveCfg = Release|Any CPU
		{7752B2D8-CC5C-43E5-A018-C10E08838CCF}.Release|x64.Build.0 = Release|Any CPU
		{29E684C7-FB9B-4A95-BB25-A3383FF79DDE}.Debug|Any CPU.ActiveCfg = Debug|Any CPU
		{29E684C7-FB9B-4A95-BB25-A3383FF79DDE}.Debug|Any CPU.Build.0 = Debug|Any CPU
		{29E684C7-FB9B-4A95-BB25-A3383FF79DDE}.Debug|x64.ActiveCfg = Debug|Any CPU
		{29E684C7-FB9B-4A95-BB25-A3383FF79DDE}.Debug|x64.Build.0 = Debug|Any CPU
		{29E684C7-FB9B-4A95-BB25-A3383FF79DDE}.Release|Any CPU.ActiveCfg = Release|Any CPU
		{29E684C7-FB9B-4A95-BB25-A3383FF79DDE}.Release|Any CPU.Build.0 = Release|Any CPU
		{29E684C7-FB9B-4A95-BB25-A3383FF79DDE}.Release|x64.ActiveCfg = Release|Any CPU
		{29E684C7-FB9B-4A95-BB25-A3383FF79DDE}.Release|x64.Build.0 = Release|Any CPU
		{E02EF95A-9C1E-45A9-A3E3-F3BABDDE4477}.Debug|Any CPU.ActiveCfg = Debug|Any CPU
		{E02EF95A-9C1E-45A9-A3E3-F3BABDDE4477}.Debug|Any CPU.Build.0 = Debug|Any CPU
		{E02EF95A-9C1E-45A9-A3E3-F3BABDDE4477}.Debug|x64.ActiveCfg = Debug|Any CPU
		{E02EF95A-9C1E-45A9-A3E3-F3BABDDE4477}.Debug|x64.Build.0 = Debug|Any CPU
		{E02EF95A-9C1E-45A9-A3E3-F3BABDDE4477}.Release|Any CPU.ActiveCfg = Release|Any CPU
		{E02EF95A-9C1E-45A9-A3E3-F3BABDDE4477}.Release|Any CPU.Build.0 = Release|Any CPU
		{E02EF95A-9C1E-45A9-A3E3-F3BABDDE4477}.Release|x64.ActiveCfg = Release|Any CPU
		{E02EF95A-9C1E-45A9-A3E3-F3BABDDE4477}.Release|x64.Build.0 = Release|Any CPU
		{8E42672A-684A-429A-AF51-EBC70182F563}.Debug|Any CPU.ActiveCfg = Debug|Any CPU
		{8E42672A-684A-429A-AF51-EBC70182F563}.Debug|Any CPU.Build.0 = Debug|Any CPU
		{8E42672A-684A-429A-AF51-EBC70182F563}.Debug|x64.ActiveCfg = Debug|Any CPU
		{8E42672A-684A-429A-AF51-EBC70182F563}.Debug|x64.Build.0 = Debug|Any CPU
		{8E42672A-684A-429A-AF51-EBC70182F563}.Release|Any CPU.ActiveCfg = Release|Any CPU
		{8E42672A-684A-429A-AF51-EBC70182F563}.Release|Any CPU.Build.0 = Release|Any CPU
		{8E42672A-684A-429A-AF51-EBC70182F563}.Release|x64.ActiveCfg = Release|Any CPU
		{8E42672A-684A-429A-AF51-EBC70182F563}.Release|x64.Build.0 = Release|Any CPU
		{D8A9BC7B-2E11-46A5-A267-C1A6ECEE6442}.Debug|Any CPU.ActiveCfg = Debug|Any CPU
		{D8A9BC7B-2E11-46A5-A267-C1A6ECEE6442}.Debug|Any CPU.Build.0 = Debug|Any CPU
		{D8A9BC7B-2E11-46A5-A267-C1A6ECEE6442}.Debug|x64.ActiveCfg = Debug|Any CPU
		{D8A9BC7B-2E11-46A5-A267-C1A6ECEE6442}.Debug|x64.Build.0 = Debug|Any CPU
		{D8A9BC7B-2E11-46A5-A267-C1A6ECEE6442}.Release|Any CPU.ActiveCfg = Release|Any CPU
		{D8A9BC7B-2E11-46A5-A267-C1A6ECEE6442}.Release|Any CPU.Build.0 = Release|Any CPU
		{D8A9BC7B-2E11-46A5-A267-C1A6ECEE6442}.Release|x64.ActiveCfg = Release|Any CPU
		{D8A9BC7B-2E11-46A5-A267-C1A6ECEE6442}.Release|x64.Build.0 = Release|Any CPU
		{305A20A7-F694-4AE2-972B-D101C5DFBBAA}.Debug|Any CPU.ActiveCfg = Debug|Any CPU
		{305A20A7-F694-4AE2-972B-D101C5DFBBAA}.Debug|Any CPU.Build.0 = Debug|Any CPU
		{305A20A7-F694-4AE2-972B-D101C5DFBBAA}.Debug|x64.ActiveCfg = Debug|Any CPU
		{305A20A7-F694-4AE2-972B-D101C5DFBBAA}.Debug|x64.Build.0 = Debug|Any CPU
		{305A20A7-F694-4AE2-972B-D101C5DFBBAA}.Release|Any CPU.ActiveCfg = Release|Any CPU
		{305A20A7-F694-4AE2-972B-D101C5DFBBAA}.Release|Any CPU.Build.0 = Release|Any CPU
		{305A20A7-F694-4AE2-972B-D101C5DFBBAA}.Release|x64.ActiveCfg = Release|Any CPU
		{305A20A7-F694-4AE2-972B-D101C5DFBBAA}.Release|x64.Build.0 = Release|Any CPU
	EndGlobalSection
	GlobalSection(SolutionProperties) = preSolution
		HideSolutionNode = FALSE
	EndGlobalSection
EndGlobal
